{
  "name": "contracts",
  "version": "1.0.0",
  "lockfileVersion": 3,
  "requires": true,
  "packages": {
    "": {
      "name": "contracts",
      "version": "1.0.0",
      "license": "ISC",
      "dependencies": {
        "@pythnetwork/pyth-sdk-solidity": "^2.4.0"
      }
    },
    "node_modules/@pythnetwork/pyth-sdk-solidity": {
      "version": "2.4.0",
      "resolved": "https://registry.npmjs.org/@pythnetwork/pyth-sdk-solidity/-/pyth-sdk-solidity-2.4.0.tgz",
      "integrity": "sha512-KxpskAdwq4To3PU9mHX7lQ+ikJ1mg6FSPDgiUdcdulF4fzXhrTI7AX40Q2p0/ifyrYnCXh7rK4Guyavm1Strww=="
    }
  }
}
